
Microsoft Visual Studio Solution File, Format Version 12.00
# Visual Studio 15
VisualStudioVersion = 15.0.26730.12
MinimumVisualStudioVersion = 10.0.40219.1
Project("{FAE04EC0-301F-11D3-BF4B-00C04F79EFBC}") = "Datos", "Datos\Datos.csproj", "{54AA35A3-F299-462A-B021-63DAC48135C0}"
EndProject
Project("{FAE04EC0-301F-11D3-BF4B-00C04F79EFBC}") = "Negocio", "Negocio\Negocio.csproj", "{D9A1A3A7-A244-4BA5-8B04-7069B84C2A32}"
EndProject
Project("{FAE04EC0-301F-11D3-BF4B-00C04F79EFBC}") = "Entidades", "Entidades\Entidades.csproj", "{04769D1F-D001-4DA7-A79E-386B05586500}"
EndProject
Project("{FAE04EC0-301F-11D3-BF4B-00C04F79EFBC}") = "Servicios", "Servicios\Servicios.csproj", "{CA074EA8-4F66-47ED-AB7E-15654945F4BA}"
EndProject
Global
	GlobalSection(SolutionConfigurationPlatforms) = preSolution
		Debug|Any CPU = Debug|Any CPU
		Release|Any CPU = Release|Any CPU
	EndGlobalSection
	GlobalSection(ProjectConfigurationPlatforms) = postSolution
		{54AA35A3-F299-462A-B021-63DAC48135C0}.Debug|Any CPU.ActiveCfg = Debug|Any CPU
		{54AA35A3-F299-462A-B021-63DAC48135C0}.Debug|Any CPU.Build.0 = Debug|Any CPU
		{54AA35A3-F299-462A-B021-63DAC48135C0}.Release|Any CPU.ActiveCfg = Release|Any CPU
		{54AA35A3-F299-462A-B021-63DAC48135C0}.Release|Any CPU.Build.0 = Release|Any CPU
		{D9A1A3A7-A244-4BA5-8B04-7069B84C2A32}.Debug|Any CPU.ActiveCfg = Debug|Any CPU
		{D9A1A3A7-A244-4BA5-8B04-7069B84C2A32}.Debug|Any CPU.Build.0 = Debug|Any CPU
		{D9A1A3A7-A244-4BA5-8B04-7069B84C2A32}.Release|Any CPU.ActiveCfg = Release|Any CPU
		{D9A1A3A7-A244-4BA5-8B04-7069B84C2A32}.Release|Any CPU.Build.0 = Release|Any CPU
		{04769D1F-D001-4DA7-A79E-386B05586500}.Debug|Any CPU.ActiveCfg = Debug|Any CPU
		{04769D1F-D001-4DA7-A79E-386B05586500}.Debug|Any CPU.Build.0 = Debug|Any CPU
		{04769D1F-D001-4DA7-A79E-386B05586500}.Release|Any CPU.ActiveCfg = Release|Any CPU
		{04769D1F-D001-4DA7-A79E-386B05586500}.Release|Any CPU.Build.0 = Release|Any CPU
		{CA074EA8-4F66-47ED-AB7E-15654945F4BA}.Debug|Any CPU.ActiveCfg = Debug|Any CPU
		{CA074EA8-4F66-47ED-AB7E-15654945F4BA}.Debug|Any CPU.Build.0 = Debug|Any CPU
		{CA074EA8-4F66-47ED-AB7E-15654945F4BA}.Release|Any CPU.ActiveCfg = Release|Any CPU
		{CA074EA8-4F66-47ED-AB7E-15654945F4BA}.Release|Any CPU.Build.0 = Release|Any CPU
	EndGlobalSection
	GlobalSection(SolutionProperties) = preSolution
		HideSolutionNode = FALSE
	EndGlobalSection
	GlobalSection(ExtensibilityGlobals) = postSolution
		SolutionGuid = {B1BB3329-FFA9-4EF9-8AD5-B03121238963}
	EndGlobalSection
EndGlobal
